
Microsoft Visual Studio Solution File, Format Version 12.00
# Visual Studio Version 17
VisualStudioVersion = 17.7.34018.315
MinimumVisualStudioVersion = 10.0.40219.1
Project("{FAE04EC0-301F-11D3-BF4B-00C04F79EFBC}") = "LerGravarXml", "LerGravarXml\LerGravarXml.csproj", "{123A7F37-0AC6-4ED4-85E4-AC45FA6D2016}"
EndProject
Global
	GlobalSection(SolutionConfigurationPlatforms) = preSolution
		Debug|Any CPU = Debug|Any CPU
		Release|Any CPU = Release|Any CPU
	EndGlobalSection
	GlobalSection(ProjectConfigurationPlatforms) = postSolution
		{123A7F37-0AC6-4ED4-85E4-AC45FA6D2016}.Debug|Any CPU.ActiveCfg = Debug|Any CPU
		{123A7F37-0AC6-4ED4-85E4-AC45FA6D2016}.Debug|Any CPU.Build.0 = Debug|Any CPU
		{123A7F37-0AC6-4ED4-85E4-AC45FA6D2016}.Release|Any CPU.ActiveCfg = Release|Any CPU
		{123A7F37-0AC6-4ED4-85E4-AC45FA6D2016}.Release|Any CPU.Build.0 = Release|Any CPU
	EndGlobalSection
	GlobalSection(SolutionProperties) = preSolution
		HideSolutionNode = FALSE
	EndGlobalSection
	GlobalSection(ExtensibilityGlobals) = postSolution
		SolutionGuid = {9B486189-BB56-45EC-8541-FABF0B9CF203}
	EndGlobalSection
EndGlobal
